
Microsoft Visual Studio Solution File, Format Version 12.00
# Visual Studio Version 17
VisualStudioVersion = 17.3.32901.215
MinimumVisualStudioVersion = 10.0.40219.1
Project("{FAE04EC0-301F-11D3-BF4B-00C04F79EFBC}") = "Timer • 96", "Timer • 96\Timer • 96.csproj", "{ECA34787-CB75-4E01-BD27-BA2E3BD35C75}"
EndProject
Global
	GlobalSection(SolutionConfigurationPlatforms) = preSolution
		Debug|Any CPU = Debug|Any CPU
		Release|Any CPU = Release|Any CPU
	EndGlobalSection
	GlobalSection(ProjectConfigurationPlatforms) = postSolution
		{ECA34787-CB75-4E01-BD27-BA2E3BD35C75}.Debug|Any CPU.ActiveCfg = Debug|Any CPU
		{ECA34787-CB75-4E01-BD27-BA2E3BD35C75}.Debug|Any CPU.Build.0 = Debug|Any CPU
		{ECA34787-CB75-4E01-BD27-BA2E3BD35C75}.Release|Any CPU.ActiveCfg = Release|Any CPU
		{ECA34787-CB75-4E01-BD27-BA2E3BD35C75}.Release|Any CPU.Build.0 = Release|Any CPU
	EndGlobalSection
	GlobalSection(SolutionProperties) = preSolution
		HideSolutionNode = FALSE
	EndGlobalSection
	GlobalSection(ExtensibilityGlobals) = postSolution
		SolutionGuid = {2A5EB98B-1617-4283-9853-DF90173F3FCF}
	EndGlobalSection
EndGlobal
